{
  "name": "testepacote",
  "version": "1.0.0",
  "lockfileVersion": 3,
  "requires": true,
  "packages": {
    "": {
      "name": "testepacote",
      "version": "1.0.0",
      "license": "ISC",
      "dependencies": {
        "matematica": "file:../mat"
      }
    },
    "../mat": {
      "version": "1.0.0",
      "license": "ISC"
    },
    "node_modules/matematica": {
      "resolved": "../mat",
      "link": true
    }
  }
}
